
Microsoft Visual Studio Solution File, Format Version 12.00
# Visual Studio Version 17
VisualStudioVersion = 17.10.34928.147
MinimumVisualStudioVersion = 10.0.40219.1
Project("{FAE04EC0-301F-11D3-BF4B-00C04F79EFBC}") = "IoTProcessingFunctions", "IoTProcessingFunctions\IoTProcessingFunctions.csproj", "{7B5AF943-F6B1-4D4E-AD97-A3EED2398A81}"
EndProject
Global
	GlobalSection(SolutionConfigurationPlatforms) = preSolution
		Debug|Any CPU = Debug|Any CPU
		Release|Any CPU = Release|Any CPU
	EndGlobalSection
	GlobalSection(ProjectConfigurationPlatforms) = postSolution
		{7B5AF943-F6B1-4D4E-AD97-A3EED2398A81}.Debug|Any CPU.ActiveCfg = Debug|Any CPU
		{7B5AF943-F6B1-4D4E-AD97-A3EED2398A81}.Debug|Any CPU.Build.0 = Debug|Any CPU
		{7B5AF943-F6B1-4D4E-AD97-A3EED2398A81}.Release|Any CPU.ActiveCfg = Release|Any CPU
		{7B5AF943-F6B1-4D4E-AD97-A3EED2398A81}.Release|Any CPU.Build.0 = Release|Any CPU
	EndGlobalSection
	GlobalSection(SolutionProperties) = preSolution
		HideSolutionNode = FALSE
	EndGlobalSection
	GlobalSection(ExtensibilityGlobals) = postSolution
		SolutionGuid = {E19979AD-ABF2-4F28-A372-7AF147B73F82}
	EndGlobalSection
EndGlobal
