
Microsoft Visual Studio Solution File, Format Version 12.00
# Visual Studio Version 17
VisualStudioVersion = 17.2.32616.157
MinimumVisualStudioVersion = 10.0.40219.1
Project("{9A19103F-16F7-4668-BE54-9A1E7A4F7556}") = "IoTSensorReadingsFromPiToAzure", "IoTSensorReadingsFromPiToAzure\IoTSensorReadingsFromPiToAzure.csproj", "{62189309-A00D-49E3-A170-8272D676982B}"
EndProject
Project("{2150E333-8FDC-42A3-9474-1A3956D46DE8}") = "Solution Items", "Solution Items", "{8F9F9E01-BF2E-466A-853A-6843716C6494}"
	ProjectSection(SolutionItems) = preProject
		docker-compose.yaml = docker-compose.yaml
		Dockerfile = Dockerfile
		LICENSE = LICENSE
		README.md = README.md
	EndProjectSection
EndProject
Project("{2150E333-8FDC-42A3-9474-1A3956D46DE8}") = "images", "images", "{F1FC3049-E19C-46BB-A305-57E9B572EF37}"
	ProjectSection(SolutionItems) = preProject
		images\enviro+pim458.png = images\enviro+pim458.png
		images\enviro_pim486.png = images\enviro_pim486.png
		images\gpioribbon.png = images\gpioribbon.png
		images\pi3.png = images\pi3.png
	EndProjectSection
EndProject
Global
	GlobalSection(SolutionConfigurationPlatforms) = preSolution
		Debug|Any CPU = Debug|Any CPU
		Release|Any CPU = Release|Any CPU
	EndGlobalSection
	GlobalSection(ProjectConfigurationPlatforms) = postSolution
		{62189309-A00D-49E3-A170-8272D676982B}.Debug|Any CPU.ActiveCfg = Debug|Any CPU
		{62189309-A00D-49E3-A170-8272D676982B}.Debug|Any CPU.Build.0 = Debug|Any CPU
		{62189309-A00D-49E3-A170-8272D676982B}.Release|Any CPU.ActiveCfg = Release|Any CPU
		{62189309-A00D-49E3-A170-8272D676982B}.Release|Any CPU.Build.0 = Release|Any CPU
	EndGlobalSection
	GlobalSection(SolutionProperties) = preSolution
		HideSolutionNode = FALSE
	EndGlobalSection
	GlobalSection(NestedProjects) = preSolution
		{F1FC3049-E19C-46BB-A305-57E9B572EF37} = {8F9F9E01-BF2E-466A-853A-6843716C6494}
	EndGlobalSection
	GlobalSection(ExtensibilityGlobals) = postSolution
		SolutionGuid = {FCA055B4-0042-4690-8EEC-0E6FF565E62A}
	EndGlobalSection
EndGlobal
